
Microsoft Visual Studio Solution File, Format Version 12.00
# Visual Studio Version 17
VisualStudioVersion = 17.7.34202.233
MinimumVisualStudioVersion = 10.0.40219.1
Project("{FAE04EC0-301F-11D3-BF4B-00C04F79EFBC}") = "EvTapsirigiArrayC3", "EvTapsirigiArrayC3\EvTapsirigiArrayC3.csproj", "{63FA8774-443E-4C29-9635-AF6DC732629F}"
EndProject
Global
	GlobalSection(SolutionConfigurationPlatforms) = preSolution
		Debug|Any CPU = Debug|Any CPU
		Release|Any CPU = Release|Any CPU
	EndGlobalSection
	GlobalSection(ProjectConfigurationPlatforms) = postSolution
		{63FA8774-443E-4C29-9635-AF6DC732629F}.Debug|Any CPU.ActiveCfg = Debug|Any CPU
		{63FA8774-443E-4C29-9635-AF6DC732629F}.Debug|Any CPU.Build.0 = Debug|Any CPU
		{63FA8774-443E-4C29-9635-AF6DC732629F}.Release|Any CPU.ActiveCfg = Release|Any CPU
		{63FA8774-443E-4C29-9635-AF6DC732629F}.Release|Any CPU.Build.0 = Release|Any CPU
	EndGlobalSection
	GlobalSection(SolutionProperties) = preSolution
		HideSolutionNode = FALSE
	EndGlobalSection
	GlobalSection(ExtensibilityGlobals) = postSolution
		SolutionGuid = {BD0ADA13-953F-4A76-B116-204E5D3A3A1C}
	EndGlobalSection
EndGlobal
